PODS:
  - ArcGIS-Runtime-SDK-iOS (100.4)
  - boost-for-react-native (1.63.0)
  - DoubleConversion (1.1.6)
  - Folly (2018.10.22.00):
    - boost-for-react-native
    - DoubleConversion
    - glog
  - glog (0.3.5)
  - React (0.58.4):
    - React/Core (= 0.58.4)
  - React/Core (0.58.4):
    - yoga (= 0.58.4.React)
  - React/CxxBridge (0.58.4):
    - Folly (= 2018.10.22.00)
    - React/Core
    - React/cxxreact
    - React/jsiexecutor
  - React/cxxreact (0.58.4):
    - boost-for-react-native (= 1.63.0)
    - Folly (= 2018.10.22.00)
    - React/jsinspector
  - React/DevSupport (0.58.4):
    - React/Core
    - React/RCTWebSocket
  - React/fishhook (0.58.4)
  - React/jsi (0.58.4):
    - Folly (= 2018.10.22.00)
  - React/jsiexecutor (0.58.4):
    - Folly (= 2018.10.22.00)
    - React/cxxreact
    - React/jsi
  - React/jsinspector (0.58.4)
  - React/RCTActionSheet (0.58.4):
    - React/Core
  - React/RCTAnimation (0.58.4):
    - React/Core
  - React/RCTBlob (0.58.4):
    - React/Core
  - React/RCTGeolocation (0.58.4):
    - React/Core
  - React/RCTImage (0.58.4):
    - React/Core
    - React/RCTNetwork
  - React/RCTLinkingIOS (0.58.4):
    - React/Core
  - React/RCTNetwork (0.58.4):
    - React/Core
  - React/RCTSettings (0.58.4):
    - React/Core
  - React/RCTText (0.58.4):
    - React/Core
  - React/RCTVibration (0.58.4):
    - React/Core
  - React/RCTWebSocket (0.58.4):
    - React/Core
    - React/fishhook
    - React/RCTBlob
  - RNArcGISMapView (1.0.0):
    - ArcGIS-Runtime-SDK-iOS (~> 100.4)
    - React
  - yoga (0.58.4.React)

DEPENDENCIES:
  - ArcGIS-Runtime-SDK-iOS (= 100.4)
  - DoubleConversion (from `../node_modules/react-native/third-party-podspecs/DoubleConversion.podspec`)
  - Folly (from `../node_modules/react-native/third-party-podspecs/Folly.podspec`)
  - glog (from `../node_modules/react-native/third-party-podspecs/glog.podspec`)
  - React/Core (from `../node_modules/react-native`)
  - React/CxxBridge (from `../node_modules/react-native`)
  - React/DevSupport (from `../node_modules/react-native`)
  - React/RCTActionSheet (from `../node_modules/react-native`)
  - React/RCTAnimation (from `../node_modules/react-native`)
  - React/RCTGeolocation (from `../node_modules/react-native`)
  - React/RCTImage (from `../node_modules/react-native`)
  - React/RCTLinkingIOS (from `../node_modules/react-native`)
  - React/RCTNetwork (from `../node_modules/react-native`)
  - React/RCTSettings (from `../node_modules/react-native`)
  - React/RCTText (from `../node_modules/react-native`)
  - React/RCTVibration (from `../node_modules/react-native`)
  - React/RCTWebSocket (from `../node_modules/react-native`)
  - RNArcGISMapView (from `../node_modules/react-native-arcgis-mapview/`)
  - yoga (from `../node_modules/react-native/ReactCommon/yoga/yoga.podspec`)

SPEC REPOS:
  https://github.com/cocoapods/specs.git:
    - ArcGIS-Runtime-SDK-iOS
    - boost-for-react-native

EXTERNAL SOURCES:
  DoubleConversion:
    :podspec: "../node_modules/react-native/third-party-podspecs/DoubleConversion.podspec"
  Folly:
    :podspec: "../node_modules/react-native/third-party-podspecs/Folly.podspec"
  glog:
    :podspec: "../node_modules/react-native/third-party-podspecs/glog.podspec"
  React:
    :path: "../node_modules/react-native"
  RNArcGISMapView:
    :path: "../node_modules/react-native-arcgis-mapview/"
  yoga:
    :path: "../node_modules/react-native/ReactCommon/yoga/yoga.podspec"

SPEC CHECKSUMS:
  ArcGIS-Runtime-SDK-iOS: 3e3f7480fe2a3b0c094ed57977cab1482e81ec6f
  boost-for-react-native: 39c7adb57c4e60d6c5479dd8623128eb5b3f0f2c
  DoubleConversion: bb338842f62ab1d708ceb63ec3d999f0f3d98ecd
  Folly: de497beb10f102453a1afa9edbf8cf8a251890de
  glog: aefd1eb5dda2ab95ba0938556f34b98e2da3a60d
  React: 9b873b38b92ed8012d7cdf3b965477095ed364c4
  RNArcGISMapView: f8c12ccc2ec93b506805cf76c37ccafdc452a5f9
  yoga: 0885622311729a02c2bc02dca97167787a51488b

PODFILE CHECKSUM: 6ab041a815a4f250848508927472711d7acef86e

COCOAPODS: 1.5.3
